
Microsoft Visual Studio Solution File, Format Version 12.00
# Visual Studio 15
VisualStudioVersion = 15.0.26430.13
MinimumVisualStudioVersion = 10.0.40219.1
Project("{FAE04EC0-301F-11D3-BF4B-00C04F79EFBC}") = "TwoWayView", "TwoWayView\TwoWayView.csproj", "{BE185E6C-6E1A-4D9A-AF31-5A621FB5BE5E}"
EndProject
Project("{FAE04EC0-301F-11D3-BF4B-00C04F79EFBC}") = "TwoWayView.Core", "TwoWayView.Core\TwoWayView.Core.csproj", "{1DF45F6B-FC81-471E-808C-72EABFDBAD86}"
EndProject
Project("{FAE04EC0-301F-11D3-BF4B-00C04F79EFBC}") = "TwoWayView.Sample", "TwoWayView.Sample\TwoWayView.Sample.csproj", "{9A79F5CB-1EC2-4BF1-B20A-755248A1C496}"
EndProject
Global
	GlobalSection(SolutionConfigurationPlatforms) = preSolution
		Debug|Any CPU = Debug|Any CPU
		Release|Any CPU = Release|Any CPU
	EndGlobalSection
	GlobalSection(ProjectConfigurationPlatforms) = postSolution
		{BE185E6C-6E1A-4D9A-AF31-5A621FB5BE5E}.Debug|Any CPU.ActiveCfg = Debug|Any CPU
		{BE185E6C-6E1A-4D9A-AF31-5A621FB5BE5E}.Debug|Any CPU.Build.0 = Debug|Any CPU
		{BE185E6C-6E1A-4D9A-AF31-5A621FB5BE5E}.Release|Any CPU.ActiveCfg = Release|Any CPU
		{BE185E6C-6E1A-4D9A-AF31-5A621FB5BE5E}.Release|Any CPU.Build.0 = Release|Any CPU
		{1DF45F6B-FC81-471E-808C-72EABFDBAD86}.Debug|Any CPU.ActiveCfg = Debug|Any CPU
		{1DF45F6B-FC81-471E-808C-72EABFDBAD86}.Debug|Any CPU.Build.0 = Debug|Any CPU
		{1DF45F6B-FC81-471E-808C-72EABFDBAD86}.Release|Any CPU.ActiveCfg = Release|Any CPU
		{1DF45F6B-FC81-471E-808C-72EABFDBAD86}.Release|Any CPU.Build.0 = Release|Any CPU
		{9A79F5CB-1EC2-4BF1-B20A-755248A1C496}.Debug|Any CPU.ActiveCfg = Debug|Any CPU
		{9A79F5CB-1EC2-4BF1-B20A-755248A1C496}.Debug|Any CPU.Build.0 = Debug|Any CPU
		{9A79F5CB-1EC2-4BF1-B20A-755248A1C496}.Debug|Any CPU.Deploy.0 = Debug|Any CPU
		{9A79F5CB-1EC2-4BF1-B20A-755248A1C496}.Release|Any CPU.ActiveCfg = Release|Any CPU
		{9A79F5CB-1EC2-4BF1-B20A-755248A1C496}.Release|Any CPU.Build.0 = Release|Any CPU
		{9A79F5CB-1EC2-4BF1-B20A-755248A1C496}.Release|Any CPU.Deploy.0 = Release|Any CPU
	EndGlobalSection
	GlobalSection(SolutionProperties) = preSolution
		HideSolutionNode = FALSE
	EndGlobalSection
EndGlobal
